{
    "_meta": {
        "hash": {
            "sha256": "c16dec4689f3784ae37c9f6d3397ca8848415d6d7dc361326169b9c8a1f6e36a"
        },
        "pipfile-spec": 6,
        "requires": {
            "python_version": "3.6"
        },
        "sources": [
            {
                "name": "pypi",
                "url": "https://pypi.org/simple",
                "verify_ssl": true
            }
        ]
    },
    "default": {
        "aiohttp": {
            "hashes": [
                "sha256:129d83dd067760cec3cfd4456b5c6d7ac29f2c639d856884568fd539bed5a51f",
                "sha256:33c62afd115c456b0cf1e890fe6753055effe0f31a28321efd4f787378d6f4ab",
                "sha256:666756e1d4cf161ed1486b82f65fdd386ac07dd20fb10f025abf4be54be12746",
                "sha256:9705ded5a0faa25c8f14c6afb7044002d66c9120ed7eadb4aa9ca4aad32bd00c",
                "sha256:af5bfdd164256118a0a306b3f7046e63207d1f8cba73a67dcc0bd858dcfcd3bc",
                "sha256:b80f44b99fa3c9b4530fcfa324a99b84843043c35b084e0b653566049974435d",
                "sha256:c67e105ec74b85c8cb666b6877569dee6f55b9548f982983b9bee80b3d47e6f3",
                "sha256:d15c6658de5b7783c2538407278fa062b079a46d5f814a133ae0f09bbb2cfbc4",
                "sha256:d611ebd1ef48498210b65486306e065fde031040a1f3c455ca1b6baa7bf32ad3",
                "sha256:dcc7e4dcec6b0012537b9f8a0726f8b111188894ab0f924b680d40b13d3298a0",
                "sha256:de8ef106e130b94ca143fdfc6f27cda1d8ba439462542377738af4d99d9f5dd2",
                "sha256:eb6f1405b607fff7e44168e3ceb5d3c8a8c5a2d3effe0a27f843b16ec047a6d7",
                "sha256:f0e2ac69cb709367400008cebccd5d48161dd146096a009a632a132babe5714c"
            ],
            "version": "==2.2.5"
        },
        "alembic": {
            "hashes": [
                "sha256:52d73b1d750f1414fa90c25a08da47b87de1e4ad883935718a8f36396e19e78e",
                "sha256:eb7db9b4510562ec37c91d00b00d95fde076c1030d3f661aea882eec532b3565"
            ],
            "index": "pypi",
            "version": "==1.0.0"
        },
        "arrow": {
            "hashes": [
                "sha256:805906f09445afc1f0fc80187db8fe07670e3b25cdafa09b8d8ac264a8c0c722"
            ],
            "index": "pypi",
            "version": "==0.10.0"
        },
        "async-timeout": {
            "hashes": [
                "sha256:474d4bc64cee20603e225eb1ece15e248962958b45a3648a9f5cc29e827a610c",
                "sha256:b3c0ddc416736619bd4a95ca31de8da6920c3b9a140c64dbef2b2fa7bf521287"
            ],
            "markers": "python_version >= '3.5.3'",
            "version": "==3.0.0"
        },
        "bugsnag": {
            "hashes": [
                "sha256:da86b1bd3b7f26aeb371648a3d35bddffdb35631cc4b35138ae0c655b5ff0e9f",
                "sha256:e08757e60c73fc1d126614d2823a9af22710c559dafdbc471715f1059d158dca",
                "sha256:e65e5c5dd74d3d6a8d06ff4e7b056669a3f3dc84a5774e84d38e6544dd151a5f"
            ],
            "index": "pypi",
            "version": "==3.4.2"
        },
        "chardet": {
            "hashes": [
                "sha256:84ab92ed1c4d4f16916e05906b6b75a6c0fb5db821cc65e70cbd64a3e2a5eaae",
                "sha256:fc323ffcaeaed0e0a02bf4d117757b98aed530d9ed4531e3e15460124c106691"
            ],
            "version": "==3.0.4"
        },
        "discord.py": {
            "editable": true,
            "git": "git://github.com/rapptz/discord.py.git",
            "ref": "6b75179c1fed1aac0304526d130e93ad21dc84c3"
        },
        "idna": {
            "hashes": [
                "sha256:156a6814fb5ac1fc6850fb002e0852d56c0c8d2531923a51032d1b70760e186e",
                "sha256:684a38a6f903c1d71d6d5fac066b58d7768af4de2b832e426ec79c30daa94a16"
            ],
            "version": "==2.7"
        },
        "mako": {
            "hashes": [
                "sha256:4e02fde57bd4abb5ec400181e4c314f56ac3e49ba4fb8b0d50bba18cb27d25ae"
            ],
            "version": "==1.0.7"
        },
        "markupsafe": {
            "hashes": [
                "sha256:a6be69091dac236ea9c6bc7d012beab42010fa914c459791d627dad4910eb665"
            ],
            "version": "==1.0"
        },
        "multidict": {
            "hashes": [
                "sha256:1a1d76374a1e7fe93acef96b354a03c1d7f83e7512e225a527d283da0d7ba5e0",
                "sha256:1d6e191965505652f194bc4c40270a842922685918a4f45e6936a6b15cc5816d",
                "sha256:295961a6a88f1199e19968e15d9b42f3a191c89ec13034dbc212bf9c394c3c82",
                "sha256:2be5af084de6c3b8e20d6421cb0346378a9c867dcf7c86030d6b0b550f9888e4",
                "sha256:2eb99617c7a0e9f2b90b64bc1fb742611718618572747d6f3d6532b7b78755ab",
                "sha256:4ba654c6b5ad1ae4a4d792abeb695b29ce981bb0f157a41d0fd227b385f2bef0",
                "sha256:5ba766433c30d703f6b2c17eb0b6826c6f898e5f58d89373e235f07764952314",
                "sha256:a59d58ee85b11f337b54933e8d758b2356fcdcc493248e004c9c5e5d11eedbe4",
                "sha256:a6e35d28900cf87bcc11e6ca9e474db0099b78f0be0a41d95bef02d49101b5b2",
                "sha256:b4df7ca9c01018a51e43937eaa41f2f5dce17a6382fda0086403bcb1f5c2cf8e",
                "sha256:bbd5a6bffd3ba8bfe75b16b5e28af15265538e8be011b0b9fddc7d86a453fd4a",
                "sha256:d870f399fcd58a1889e93008762a3b9a27cf7ea512818fc6e689f59495648355",
                "sha256:e9404e2e19e901121c3c5c6cffd5a8ae0d1d67919c970e3b3262231175713068"
            ],
            "markers": "python_version >= '3.4.1'",
            "version": "==4.3.1"
        },
        "mysqlclient": {
            "hashes": [
                "sha256:1e85e48b167e2af3bb08f273fdbd1ad6401cbe75057fa6513f97387dc7b282dc",
                "sha256:2d9ec33de39f4d9c64ad7322ede0521d85829ce36a76f9dd3d6ab76a9c8648e5",
                "sha256:371df79d000af56b4e540b7ce2120d1c9afb04b751bfce25a1eb609c50fd10ff",
                "sha256:b3b1a7e4468180afb79289b54069d9499242946a4cedf3928cbf6b2a13800016",
                "sha256:d56e379c03efad746e84705cbb97401f60d1f98b05e11a27f2d9c2d043936974"
            ],
            "index": "pypi",
            "version": "==1.3.12"
        },
        "python-dateutil": {
            "hashes": [
                "sha256:1adb80e7a782c12e52ef9a8182bebeb73f1d7e24e374397af06fb4956c8dc5c0",
                "sha256:e27001de32f627c22380a688bcc43ce83504a7bc5da472209b4c70f02829f0b8"
            ],
            "version": "==2.7.3"
        },
        "python-dotenv": {
            "hashes": [
                "sha256:4965ed170bf51c347a89820e8050655e9c25db3837db6602e906b6d850fad85c",
                "sha256:509736185257111613009974e666568a1b031b028b61b500ef1ab4ee780089d5"
            ],
            "index": "pypi",
            "version": "==0.8.2"
        },
        "python-editor": {
            "hashes": [
                "sha256:a3c066acee22a1c94f63938341d4fb374e3fdd69366ed6603d7b24bed1efc565"
            ],
            "version": "==1.0.3"
        },
        "raven": {
            "hashes": [
                "sha256:3fd787d19ebb49919268f06f19310e8112d619ef364f7989246fc8753d469888",
                "sha256:95f44f3ea2c1b176d5450df4becdb96c15bf2632888f9ab193e9dd22300ce46a"
            ],
            "index": "pypi",
            "version": "==6.9.0"
        },
        "six": {
            "hashes": [
                "sha256:70e8a77beed4562e7f14fe23a786b54f6296e34344c23bc42f07b15018ff98e9",
                "sha256:832dc0e10feb1aa2c68dcc57dbb658f1c7e65b9b61af69048abc87a2db00a0eb"
            ],
            "version": "==1.11.0"
        },
        "sqlalchemy": {
            "hashes": [
                "sha256:2d5f08f714a886a1382c18be501e614bce50d362384dc089474019ce0768151c"
            ],
            "index": "pypi",
            "version": "==1.2.8"
        },
        "webob": {
            "hashes": [
                "sha256:1fe722f2ab857685fc96edec567dc40b1875b21219b3b348e58cd8c4d5ea7df3",
                "sha256:263690003a3e092ca1ec4df787f93feb0004e39d7bac9cba2c19a552c765894b"
            ],
            "markers": "python_version != '3.0.*' and python_version != '3.1.*' and python_version >= '2.7' and python_version != '3.2.*'",
            "version": "==1.8.2"
        },
        "websockets": {
            "hashes": [
                "sha256:09dfec40e9b73e8808c39ecdbc1733e33915a2b26b90c54566afc0af546a9ec3",
                "sha256:2aa6d52264cecb08d39741e8fda49f5ac4872aef02617230c84d02e861f3cc5a",
                "sha256:2f5b7f3920f29609086fb0b63552bb1f86a04b8cbdcc0dbf3775cc90d489dfc8",
                "sha256:3d38f76f71654268e5533b45df125ff208fee242a102d4b5ca958da5cf5fb345",
                "sha256:3fcc7dfb365e81ff8206f950c86d1e73accdf3be2f9110c0cb73be32d2e7a9a5",
                "sha256:4128212ab6f91afda03a0c697add261bdf6946b47928db83f07298ea2cd8d937",
                "sha256:43e5b9f51dd0000a4c6f646e2ade0c886bd14a784ffac08b9e079bd17a63bcc5",
                "sha256:4a932c17cb11c361c286c04842dc2385cc7157019bbba8b64808acbc89a95584",
                "sha256:5ddc5fc121eb76771e990f071071d9530e27d20e8cfb804d9f5823de055837af",
                "sha256:7347af28fcc70eb45be409760c2a428f8199e7f73c04a621916c3c219ed7ad27",
                "sha256:85ae1e4b36aa2e90de56d211d2de36d7c093d00277a9afdd9b4f81e69c0214ab",
                "sha256:8a29100079f5b91a72bcd25d35a7354db985d3babae42d00b9d629f9a0aaa8ac",
                "sha256:a7e7585c8e3c0f9277ad7d6ee6ccddc69649cd216255d5e255d68f90482aeefa",
                "sha256:aa42ecef3aed807e23218c264b1e82004cdd131a6698a10b57fc3d8af8f651fc",
                "sha256:b19e7ede1ba80ee9de6f5b8ccd31beee25402e68bef7c13eeb0b8bc46bc4b7b7",
                "sha256:c4c5b5ce2d66cb0cf193c14bc9726adca095febef0f7b2c04e5e3fa3487a97a4",
                "sha256:de743ef26b002efceea7d7756e99e5d38bf5d4f27563b8d27df2a9a5cc57340a",
                "sha256:e1e568136ad5cb6768504be36d470a136b072acbf3ea882303aee6361be01941",
                "sha256:e8992f1db371f2a1c5af59e032d9dc7c1aa92f16241efcda695b7d955b4de0c2",
                "sha256:e9c1cdbb591432c59d0b5ca64fd30b6d517024767f152fc169563b26e7bcc9da"
            ],
            "version": "==3.4"
        },
        "yarl": {
            "hashes": [
                "sha256:045dbba18c9142278113d5dc62622978a6f718ba662392d406141c59b540c514",
                "sha256:17e57a495efea42bcfca08b49e16c6d89e003acd54c99c903ea1cb3de0ba1248",
                "sha256:213e8f54b4a942532d6ac32314c69a147d3b82fa1725ca05061b7c1a19a1d9b1",
                "sha256:3353fae45d93cc3e7e41bfcb1b633acc37db821d368e660b03068dbfcf68f8c8",
                "sha256:51a084ff8756811101f8b5031a14d1c2dd26c666976e1b18579c6b1c8761a102",
                "sha256:5580f22ac1298261cd24e8e584180d83e2cca9a6167113466d2d16cb2aa1f7b1",
                "sha256:64727a2593fdba5d6ef69e94eba793a196deeda7152c7bd3a64edda6b1f95f6e",
                "sha256:6e75753065c310befab71c5077a59b7cb638d2146b1cfbb1c3b8f08b51362714",
                "sha256:7236eba4911a5556b497235828e7a4bc5d90957efa63b7c4b3e744d2d2cf1b94",
                "sha256:a69dd7e262cdb265ac7d5e929d55f2f3d07baaadd158c8f19caebf8dde08dfe8",
                "sha256:d9ca55a5a297408f08e5401c23ad22bd9f580dab899212f0d5dc1830f0909404",
                "sha256:e072edbd1c5628c0b8f97d00cf6c9fcd6a4ee2b5ded10d463fcb6eaa066cf40c",
                "sha256:e9a6a319c4bbfb57618f207e86a7c519ab0f637be3d2366e4cdac271577834b8"
            ],
            "index": "pypi",
            "version": "==1.1.1"
        }
    },
    "develop": {}
}
